
Microsoft Visual Studio Solution File, Format Version 12.00
# Visual Studio 15
VisualStudioVersion = 15.0.28307.572
MinimumVisualStudioVersion = 10.0.40219.1
Project("{FAE04EC0-301F-11D3-BF4B-00C04F79EFBC}") = "CentralSportV1.0.1", "CentralSportV1.0.1\CentralSportV1.0.1.csproj", "{CA920442-D9B9-4F31-B815-E2A3DA8D9A5A}"
EndProject
Global
	GlobalSection(SolutionConfigurationPlatforms) = preSolution
		Debug|Any CPU = Debug|Any CPU
		Release|Any CPU = Release|Any CPU
	EndGlobalSection
	GlobalSection(ProjectConfigurationPlatforms) = postSolution
		{CA920442-D9B9-4F31-B815-E2A3DA8D9A5A}.Debug|Any CPU.ActiveCfg = Debug|Any CPU
		{CA920442-D9B9-4F31-B815-E2A3DA8D9A5A}.Debug|Any CPU.Build.0 = Debug|Any CPU
		{CA920442-D9B9-4F31-B815-E2A3DA8D9A5A}.Release|Any CPU.ActiveCfg = Release|Any CPU
		{CA920442-D9B9-4F31-B815-E2A3DA8D9A5A}.Release|Any CPU.Build.0 = Release|Any CPU
	EndGlobalSection
	GlobalSection(SolutionProperties) = preSolution
		HideSolutionNode = FALSE
	EndGlobalSection
	GlobalSection(ExtensibilityGlobals) = postSolution
		SolutionGuid = {FD2B7A91-AD6F-433A-BF78-AF1DBC57F088}
	EndGlobalSection
EndGlobal
